// !$*UTF8*$!
{
	archiveVersion = 1;
	classes = {
	};
	objectVersion = 50;
	objects = {

/* Begin PBXBuildFile section */
		4898A16F2129C6BC007BDDD3 /* AppDelegate.swift in Sources */ = {isa = PBXBuildFile; fileRef = 4898A16E2129C6BC007BDDD3 /* AppDelegate.swift */; };
		4898A1712129C6BC007BDDD3 /* ViewController.swift in Sources */ = {isa = PBXBuildFile; fileRef = 4898A1702129C6BC007BDDD3 /* ViewController.swift */; };
		4898A1742129C6BC007BDDD3 /* Main.storyboard in Resources */ = {isa = PBXBuildFile; fileRef = 4898A1722129C6BC007BDDD3 /* Main.storyboard */; };
		4898A1762129C6BD007BDDD3 /* Assets.xcassets in Resources */ = {isa = PBXBuildFile; fileRef = 4898A1752129C6BD007BDDD3 /* Assets.xcassets */; };
		4898A1792129C6BD007BDDD3 /* LaunchScreen.storyboard in Resources */ = {isa = PBXBuildFile; fileRef = 4898A1772129C6BD007BDDD3 /* LaunchScreen.storyboard */; };
		4898A1842129C6BD007BDDD3 /* AssertYourselfTests.swift in Sources */ = {isa = PBXBuildFile; fileRef = 4898A1832129C6BD007BDDD3 /* AssertYourselfTests.swift */; };
/* End PBXBuildFile section */

/* Begin PBXContainerItemProxy section */
		4898A1802129C6BD007BDDD3 /* PBXContainerItemProxy */ = {
			isa = PBXContainerItemProxy;
			containerPortal = 4898A1632129C6BC007BDDD3 /* Project object */;
			proxyType = 1;
			remoteGlobalIDString = 4898A16A2129C6BC007BDDD3;
			remoteInfo = AssertYourself;
		};
/* End PBXContainerItemProxy section */

/* Begin PBXFileReference section */
		4898A16B2129C6BC007BDDD3 /* AssertYourself.app */ = {isa = PBXFileReference; explicitFileType = wrapper.application; includeInIndex = 0; path = AssertYourself.app; sourceTree = BUILT_PRODUCTS_DIR; };
		4898A16E2129C6BC007BDDD3 /* AppDelegate.swift */ = {isa = PBXFileReference; lastKnownFileType = sourcecode.swift; path = AppDelegate.swift; sourceTree = "<group>"; };
		4898A1702129C6BC007BDDD3 /* ViewController.swift */ = {isa = PBXFileReference; lastKnownFileType = sourcecode.swift; path = ViewController.swift; sourceTree = "<group>"; };
		4898A1732129C6BC007BDDD3 /* Base */ = {isa = PBXFileReference; lastKnownFileType = file.storyboard; name = Base; path = Base.lproj/Main.storyboard; sourceTree = "<group>"; };
		4898A1752129C6BD007BDDD3 /* Assets.xcassets */ = {isa = PBXFileReference; lastKnownFileType = folder.assetcatalog; path = Assets.xcassets; sourceTree = "<group>"; };
		4898A1782129C6BD007BDDD3 /* Base */ = {isa = PBXFileReference; lastKnownFileType = file.storyboard; name = Base; path = Base.lproj/LaunchScreen.storyboard; sourceTree = "<group>"; };
		4898A17A2129C6BD007BDDD3 /* Info.plist */ = {isa = PBXFileReference; lastKnownFileType = text.plist.xml; path = Info.plist; sourceTree = "<group>"; };
		4898A17F2129C6BD007BDDD3 /* AssertYourselfTests.xctest */ = {isa = PBXFileReference; explicitFileType = wrapper.cfbundle; includeInIndex = 0; path = AssertYourselfTests.xctest; sourceTree = BUILT_PRODUCTS_DIR; };
		4898A1832129C6BD007BDDD3 /* AssertYourselfTests.swift */ = {isa = PBXFileReference; lastKnownFileType = sourcecode.swift; path = AssertYourselfTests.swift; sourceTree = "<group>"; };
		4898A1852129C6BD007BDDD3 /* Info.plist */ = {isa = PBXFileReference; lastKnownFileType = text.plist.xml; path = Info.plist; sourceTree = "<group>"; };
/* End PBXFileReference section */

/* Begin PBXFrameworksBuildPhase section */
		4898A1682129C6BC007BDDD3 /* Frameworks */ = {
			isa = PBXFrameworksBuildPhase;
			buildActionMask = 2147483647;
			files = (
			);
			runOnlyForDeploymentPostprocessing = 0;
		};
		4898A17C2129C6BD007BDDD3 /* Frameworks */ = {
			isa = PBXFrameworksBuildPhase;
			buildActionMask = 2147483647;
			files = (
			);
			runOnlyForDeploymentPostprocessing = 0;
		};
/* End PBXFrameworksBuildPhase section */

/* Begin PBXGroup section */
		4898A1622129C6BC007BDDD3 = {
			isa = PBXGroup;
			children = (
				4898A16D2129C6BC007BDDD3 /* AssertYourself */,
				4898A1822129C6BD007BDDD3 /* AssertYourselfTests */,
				4898A16C2129C6BC007BDDD3 /* Products */,
			);
			sourceTree = "<group>";
		};
		4898A16C2129C6BC007BDDD3 /* Products */ = {
			isa = PBXGroup;
			children = (
				4898A16B2129C6BC007BDDD3 /* AssertYourself.app */,
				4898A17F2129C6BD007BDDD3 /* AssertYourselfTests.xctest */,
			);
			name = Products;
			sourceTree = "<group>";
		};
		4898A16D2129C6BC007BDDD3 /* AssertYourself */ = {
			isa = PBXGroup;
			children = (
				4898A1702129C6BC007BDDD3 /* ViewController.swift */,
				4898A1722129C6BC007BDDD3 /* Main.storyboard */,
				4898A16E2129C6BC007BDDD3 /* AppDelegate.swift */,
				4898A1752129C6BD007BDDD3 /* Assets.xcassets */,
				4898A1772129C6BD007BDDD3 /* LaunchScreen.storyboard */,
				4898A17A2129C6BD007BDDD3 /* Info.plist */,
			);
			path = AssertYourself;
			sourceTree = "<group>";
		};
		4898A1822129C6BD007BDDD3 /* AssertYourselfTests */ = {
			isa = PBXGroup;
			children = (
				4898A1832129C6BD007BDDD3 /* AssertYourselfTests.swift */,
				4898A1852129C6BD007BDDD3 /* Info.plist */,
			);
			path = AssertYourselfTests;
			sourceTree = "<group>";
		};
/* End PBXGroup section */

/* Begin PBXNativeTarget section */
		4898A16A2129C6BC007BDDD3 /* AssertYourself */ = {
			isa = PBXNativeTarget;
			buildConfigurationList = 4898A1882129C6BD007BDDD3 /* Build configuration list for PBXNativeTarget "AssertYourself" */;
			buildPhases = (
				4898A1672129C6BC007BDDD3 /* Sources */,
				4898A1682129C6BC007BDDD3 /* Frameworks */,
				4898A1692129C6BC007BDDD3 /* Resources */,
			);
			buildRules = (
			);
			dependencies = (
			);
			name = AssertYourself;
			productName = AssertYourself;
			productReference = 4898A16B2129C6BC007BDDD3 /* AssertYourself.app */;
			productType = "com.apple.product-type.application";
		};
		4898A17E2129C6BD007BDDD3 /* AssertYourselfTests */ = {
			isa = PBXNativeTarget;
			buildConfigurationList = 4898A18B2129C6BD007BDDD3 /* Build configuration list for PBXNativeTarget "AssertYourselfTests" */;
			buildPhases = (
				4898A17B2129C6BD007BDDD3 /* Sources */,
				4898A17C2129C6BD007BDDD3 /* Frameworks */,
				4898A17D2129C6BD007BDDD3 /* Resources */,
			);
			buildRules = (
			);
			dependencies = (
				4898A1812129C6BD007BDDD3 /* PBXTargetDependency */,
			);
			name = AssertYourselfTests;
			productName = AssertYourselfTests;
			productReference = 4898A17F2129C6BD007BDDD3 /* AssertYourselfTests.xctest */;
			productType = "com.apple.product-type.bundle.unit-test";
		};
/* End PBXNativeTarget section */

/* Begin PBXProject section */
		4898A1632129C6BC007BDDD3 /* Project object */ = {
			isa = PBXProject;
			attributes = {
				LastSwiftUpdateCheck = 1000;
				LastUpgradeCheck = 1000;
				ORGANIZATIONNAME = "Quality Coding";
				TargetAttributes = {
					4898A16A2129C6BC007BDDD3 = {
						CreatedOnToolsVersion = 10.0;
						LastSwiftMigration = 1020;
					};
					4898A17E2129C6BD007BDDD3 = {
						CreatedOnToolsVersion = 10.0;
						LastSwiftMigration = 1020;
						TestTargetID = 4898A16A2129C6BC007BDDD3;
					};
				};
			};
			buildConfigurationList = 4898A1662129C6BC007BDDD3 /* Build configuration list for PBXProject "AssertYourself" */;
			compatibilityVersion = "Xcode 9.3";
			developmentRegion = en;
			hasScannedForEncodings = 0;
			knownRegions = (
				en,
				Base,
			);
			mainGroup = 4898A1622129C6BC007BDDD3;
			productRefGroup = 4898A16C2129C6BC007BDDD3 /* Products */;
			projectDirPath = "";
			projectRoot = "";
			targets = (
				4898A16A2129C6BC007BDDD3 /* AssertYourself */,
				4898A17E2129C6BD007BDDD3 /* AssertYourselfTests */,
			);
		};
/* End PBXProject section */

/* Begin PBXResourcesBuildPhase section */
		4898A1692129C6BC007BDDD3 /* Resources */ = {
			isa = PBXResourcesBuildPhase;
			buildActionMask = 2147483647;
			files = (
				4898A1792129C6BD007BDDD3 /* LaunchScreen.storyboard in Resources */,
				4898A1762129C6BD007BDDD3 /* Assets.xcassets in Resources */,
				4898A1742129C6BC007BDDD3 /* Main.storyboard in Resources */,
			);
			runOnlyForDeploymentPostprocessing = 0;
		};
		4898A17D2129C6BD007BDDD3 /* Resources */ = {
			isa = PBXResourcesBuildPhase;
			buildActionMask = 2147483647;
			files = (
			);
			runOnlyForDeploymentPostprocessing = 0;
		};
/* End PBXResourcesBuildPhase section */

/* Begin PBXSourcesBuildPhase section */
		4898A1672129C6BC007BDDD3 /* Sources */ = {
			isa = PBXSourcesBuildPhase;
			buildActionMask = 2147483647;
			files = (
				4898A1712129C6BC007BDDD3 /* ViewController.swift in Sources */,
				4898A16F2129C6BC007BDDD3 /* AppDelegate.swift in Sources */,
			);
			runOnlyForDeploymentPostprocessing = 0;
		};
		4898A17B2129C6BD007BDDD3 /* Sources */ = {
			isa = PBXSourcesBuildPhase;
			buildActionMask = 2147483647;
			files = (
				4898A1842129C6BD007BDDD3 /* AssertYourselfTests.swift in Sources */,
			);
			runOnlyForDeploymentPostprocessing = 0;
		};
/* End PBXSourcesBuildPhase section */

/* Begin PBXTargetDependency section */
		4898A1812129C6BD007BDDD3 /* PBXTargetDependency */ = {
			isa = PBXTargetDependency;
			target = 4898A16A2129C6BC007BDDD3 /* AssertYourself */;
			targetProxy = 4898A1802129C6BD007BDDD3 /* PBXContainerItemProxy */;
		};
/* End PBXTargetDependency section */

/* Begin PBXVariantGroup section */
		4898A1722129C6BC007BDDD3 /* Main.storyboard */ = {
			isa = PBXVariantGroup;
			children = (
				4898A1732129C6BC007BDDD3 /* Base */,
			);
			name = Main.storyboard;
			sourceTree = "<group>";
		};
		4898A1772129C6BD007BDDD3 /* LaunchScreen.storyboard */ = {
			isa = PBXVariantGroup;
			children = (
				4898A1782129C6BD007BDDD3 /* Base */,
			);
			name = LaunchScreen.storyboard;
			sourceTree = "<group>";
		};
/* End PBXVariantGroup section */

/* Begin XCBuildConfiguration section */
		4898A1862129C6BD007BDDD3 /* Debug */ = {
			isa = XCBuildConfiguration;
			buildSettings = {
				ALWAYS_SEARCH_USER_PATHS = NO;
				CLANG_ANALYZER_NONNULL = YES;
				CLANG_ANALYZER_NUMBER_OBJECT_CONVERSION = YES_AGGRESSIVE;
				CLANG_ENABLE_MODULES = YES;
				CLANG_ENABLE_OBJC_ARC = YES;
				CLANG_ENABLE_OBJC_WEAK = YES;
				CLANG_WARN_BLOCK_CAPTURE_AUTORELEASING = YES;
				CLANG_WARN_BOOL_CONVERSION = YES;
				CLANG_WARN_COMMA = YES;
				CLANG_WARN_CONSTANT_CONVERSION = YES;
				CLANG_WARN_DEPRECATED_OBJC_IMPLEMENTATIONS = YES;
				CLANG_WARN_DIRECT_OBJC_ISA_USAGE = YES_ERROR;
				CLANG_WARN_DOCUMENTATION_COMMENTS = YES;
				CLANG_WARN_EMPTY_BODY = YES;
				CLANG_WARN_ENUM_CONVERSION = YES;
				CLANG_WARN_INFINITE_RECURSION = YES;
				CLANG_WARN_INT_CONVERSION = YES;
				CLANG_WARN_NON_LITERAL_NULL_CONVERSION = YES;
				CLANG_WARN_OBJC_IMPLICIT_RETAIN_SELF = YES;
				CLANG_WARN_OBJC_LITERAL_CONVERSION = YES;
				CLANG_WARN_OBJC_ROOT_CLASS = YES_ERROR;
				CLANG_WARN_RANGE_LOOP_ANALYSIS = YES;
				CLANG_WARN_STRICT_PROTOTYPES = YES;
				CLANG_WARN_SUSPICIOUS_MOVE = YES;
				CLANG_WARN_UNGUARDED_AVAILABILITY = YES_AGGRESSIVE;
				CLANG_WARN_UNREACHABLE_CODE = YES;
				CLANG_WARN__DUPLICATE_METHOD_MATCH = YES;
				CODE_SIGN_IDENTITY = "iPhone Developer";
				COPY_PHASE_STRIP = NO;
				DEBUG_INFORMATION_FORMAT = dwarf;
				ENABLE_STRICT_OBJC_MSGSEND = YES;
				ENABLE_TESTABILITY = YES;
				GCC_NO_COMMON_BLOCKS = YES;
				GCC_OPTIMIZATION_LEVEL = 0;
				GCC_PREPROCESSOR_DEFINITIONS = (
					"DEBUG=1",
					"$(inherited)",
				);
				GCC_WARN_64_TO_32_BIT_CONVERSION = YES;
				GCC_WARN_ABOUT_RETURN_TYPE = YES_ERROR;
				GCC_WARN_UNDECLARED_SELECTOR = YES;
				GCC_WARN_UNINITIALIZED_AUTOS = YES_AGGRESSIVE;
				GCC_WARN_UNUSED_FUNCTION = YES;
				GCC_WARN_UNUSED_VARIABLE = YES;
				MTL_ENABLE_DEBUG_INFO = INCLUDE_SOURCE;
				MTL_FAST_MATH = YES;
				ONLY_ACTIVE_ARCH = YES;
				SDKROOT = iphoneos;
				SWIFT_ACTIVE_COMPILATION_CONDITIONS = DEBUG;
				SWIFT_OPTIMIZATION_LEVEL = "-Onone";
				SWIFT_VERSION = 4.2;
			};
			name = Debug;
		};
		4898A1872129C6BD007BDDD3 /* Release */ = {
			isa = XCBuildConfiguration;
			buildSettings = {
				ALWAYS_SEARCH_USER_PATHS = NO;
				CLANG_ANALYZER_NONNULL = YES;
				CLANG_ANALYZER_NUMBER_OBJECT_CONVERSION = YES_AGGRESSIVE;
				CLANG_ENABLE_MODULES = YES;
				CLANG_ENABLE_OBJC_ARC = YES;
				CLANG_ENABLE_OBJC_WEAK = YES;
				CLANG_WARN_BLOCK_CAPTURE_AUTORELEASING = YES;
				CLANG_WARN_BOOL_CONVERSION = YES;
				CLANG_WARN_COMMA = YES;
				CLANG_WARN_CONSTANT_CONVERSION = YES;
				CLANG_WARN_DEPRECATED_OBJC_IMPLEMENTATIONS = YES;
				CLANG_WARN_DIRECT_OBJC_ISA_USAGE = YES_ERROR;
				CLANG_WARN_DOCUMENTATION_COMMENTS = YES;
				CLANG_WARN_EMPTY_BODY = YES;
				CLANG_WARN_ENUM_CONVERSION = YES;
				CLANG_WARN_INFINITE_RECURSION = YES;
				CLANG_WARN_INT_CONVERSION = YES;
				CLANG_WARN_NON_LITERAL_NULL_CONVERSION = YES;
				CLANG_WARN_OBJC_IMPLICIT_RETAIN_SELF = YES;
				CLANG_WARN_OBJC_LITERAL_CONVERSION = YES;
				CLANG_WARN_OBJC_ROOT_CLASS = YES_ERROR;
				CLANG_WARN_RANGE_LOOP_ANALYSIS = YES;
				CLANG_WARN_STRICT_PROTOTYPES = YES;
				CLANG_WARN_SUSPICIOUS_MOVE = YES;
				CLANG_WARN_UNGUARDED_AVAILABILITY = YES_AGGRESSIVE;
				CLANG_WARN_UNREACHABLE_CODE = YES;
				CLANG_WARN__DUPLICATE_METHOD_MATCH = YES;
				CODE_SIGN_IDENTITY = "iPhone Developer";
				COPY_PHASE_STRIP = NO;
				DEBUG_INFORMATION_FORMAT = "dwarf-with-dsym";
				ENABLE_NS_ASSERTIONS = NO;
				ENABLE_STRICT_OBJC_MSGSEND = YES;
				GCC_NO_COMMON_BLOCKS = YES;
				GCC_WARN_64_TO_32_BIT_CONVERSION = YES;
				GCC_WARN_ABOUT_RETURN_TYPE = YES_ERROR;
				GCC_WARN_UNDECLARED_SELECTOR = YES;
				GCC_WARN_UNINITIALIZED_AUTOS = YES_AGGRESSIVE;
				GCC_WARN_UNUSED_FUNCTION = YES;
				GCC_WARN_UNUSED_VARIABLE = YES;
				MTL_ENABLE_DEBUG_INFO = NO;
				MTL_FAST_MATH = YES;
				SDKROOT = iphoneos;
				SWIFT_COMPILATION_MODE = wholemodule;
				SWIFT_OPTIMIZATION_LEVEL = "-O";
				SWIFT_VERSION = 4.2;
				VALIDATE_PRODUCT = YES;
			};
			name = Release;
		};
		4898A1892129C6BD007BDDD3 /* Debug */ = {
			isa = XCBuildConfiguration;
			buildSettings = {
				ASSETCATALOG_COMPILER_APPICON_NAME = AppIcon;
				INFOPLIST_FILE = AssertYourself/Info.plist;
				LD_RUNPATH_SEARCH_PATHS = (
					"$(inherited)",
					"@executable_path/Frameworks",
				);
				PRODUCT_BUNDLE_IDENTIFIER = org.qualitycoding.AssertYourself;
				PRODUCT_NAME = "$(TARGET_NAME)";
				SWIFT_VERSION = 5.0;
			};
			name = Debug;
		};
		4898A18A2129C6BD007BDDD3 /* Release */ = {
			isa = XCBuildConfiguration;
			buildSettings = {
				ASSETCATALOG_COMPILER_APPICON_NAME = AppIcon;
				INFOPLIST_FILE = AssertYourself/Info.plist;
				LD_RUNPATH_SEARCH_PATHS = (
					"$(inherited)",
					"@executable_path/Frameworks",
				);
				PRODUCT_BUNDLE_IDENTIFIER = org.qualitycoding.AssertYourself;
				PRODUCT_NAME = "$(TARGET_NAME)";
				SWIFT_VERSION = 5.0;
			};
			name = Release;
		};
		4898A18C2129C6BD007BDDD3 /* Debug */ = {
			isa = XCBuildConfiguration;
			buildSettings = {
				BUNDLE_LOADER = "$(TEST_HOST)";
				INFOPLIST_FILE = AssertYourselfTests/Info.plist;
				LD_RUNPATH_SEARCH_PATHS = (
					"$(inherited)",
					"@executable_path/Frameworks",
					"@loader_path/Frameworks",
				);
				PRODUCT_BUNDLE_IDENTIFIER = org.qualitycoding.AssertYourselfTests;
				PRODUCT_NAME = "$(TARGET_NAME)";
				SWIFT_VERSION = 5.0;
				TEST_HOST = "$(BUILT_PRODUCTS_DIR)/AssertYourself.app/AssertYourself";
			};
			name = Debug;
		};
		4898A18D2129C6BD007BDDD3 /* Release */ = {
			isa = XCBuildConfiguration;
			buildSettings = {
				BUNDLE_LOADER = "$(TEST_HOST)";
				INFOPLIST_FILE = AssertYourselfTests/Info.plist;
				LD_RUNPATH_SEARCH_PATHS = (
					"$(inherited)",
					"@executable_path/Frameworks",
					"@loader_path/Frameworks",
				);
				PRODUCT_BUNDLE_IDENTIFIER = org.qualitycoding.AssertYourselfTests;
				PRODUCT_NAME = "$(TARGET_NAME)";
				SWIFT_VERSION = 5.0;
				TEST_HOST = "$(BUILT_PRODUCTS_DIR)/AssertYourself.app/AssertYourself";
			};
			name = Release;
		};
/* End XCBuildConfiguration section */

/* Begin XCConfigurationList section */
		4898A1662129C6BC007BDDD3 /* Build configuration list for PBXProject "AssertYourself" */ = {
			isa = XCConfigurationList;
			buildConfigurations = (
				4898A1862129C6BD007BDDD3 /* Debug */,
				4898A1872129C6BD007BDDD3 /* Release */,
			);
			defaultConfigurationIsVisible = 0;
			defaultConfigurationName = Release;
		};
		4898A1882129C6BD007BDDD3 /* Build configuration list for PBXNativeTarget "AssertYourself" */ = {
			isa = XCConfigurationList;
			buildConfigurations = (
				4898A1892129C6BD007BDDD3 /* Debug */,
				4898A18A2129C6BD007BDDD3 /* Release */,
			);
			defaultConfigurationIsVisible = 0;
			defaultConfigurationName = Release;
		};
		4898A18B2129C6BD007BDDD3 /* Build configuration list for PBXNativeTarget "AssertYourselfTests" */ = {
			isa = XCConfigurationList;
			buildConfigurations = (
				4898A18C2129C6BD007BDDD3 /* Debug */,
				4898A18D2129C6BD007BDDD3 /* Release */,
			);
			defaultConfigurationIsVisible = 0;
			defaultConfigurationName = Release;
		};
/* End XCConfigurationList section */
	};
	rootObject = 4898A1632129C6BC007BDDD3 /* Project object */;
}
