// !$*UTF8*$!
{
	archiveVersion = 1;
	classes = {
	};
	objectVersion = 50;
	objects = {

/* Begin PBXBuildFile section */
		4825901C2138FF81007CE473 /* MyClassTests.swift in Sources */ = {isa = PBXBuildFile; fileRef = 4825901B2138FF81007CE473 /* MyClassTests.swift */; };
		48D219E12137A7950053822F /* MyClass.swift in Sources */ = {isa = PBXBuildFile; fileRef = 48D219E02137A7950053822F /* MyClass.swift */; };
		48D37F842137877400D44D79 /* AppDelegate.swift in Sources */ = {isa = PBXBuildFile; fileRef = 48D37F832137877400D44D79 /* AppDelegate.swift */; };
		48D37F862137877400D44D79 /* ViewController.swift in Sources */ = {isa = PBXBuildFile; fileRef = 48D37F852137877400D44D79 /* ViewController.swift */; };
		48D37F892137877400D44D79 /* Main.storyboard in Resources */ = {isa = PBXBuildFile; fileRef = 48D37F872137877400D44D79 /* Main.storyboard */; };
		48D37F8B2137877500D44D79 /* Assets.xcassets in Resources */ = {isa = PBXBuildFile; fileRef = 48D37F8A2137877500D44D79 /* Assets.xcassets */; };
		48D37F8E2137877500D44D79 /* LaunchScreen.storyboard in Resources */ = {isa = PBXBuildFile; fileRef = 48D37F8C2137877500D44D79 /* LaunchScreen.storyboard */; };
/* End PBXBuildFile section */

/* Begin PBXContainerItemProxy section */
		48D37F952137877500D44D79 /* PBXContainerItemProxy */ = {
			isa = PBXContainerItemProxy;
			containerPortal = 48D37F782137877400D44D79 /* Project object */;
			proxyType = 1;
			remoteGlobalIDString = 48D37F7F2137877400D44D79;
			remoteInfo = LifeCycle;
		};
/* End PBXContainerItemProxy section */

/* Begin PBXFileReference section */
		4825901B2138FF81007CE473 /* MyClassTests.swift */ = {isa = PBXFileReference; lastKnownFileType = sourcecode.swift; path = MyClassTests.swift; sourceTree = "<group>"; };
		48D219E02137A7950053822F /* MyClass.swift */ = {isa = PBXFileReference; lastKnownFileType = sourcecode.swift; path = MyClass.swift; sourceTree = "<group>"; };
		48D37F802137877400D44D79 /* LifeCycle.app */ = {isa = PBXFileReference; explicitFileType = wrapper.application; includeInIndex = 0; path = LifeCycle.app; sourceTree = BUILT_PRODUCTS_DIR; };
		48D37F832137877400D44D79 /* AppDelegate.swift */ = {isa = PBXFileReference; lastKnownFileType = sourcecode.swift; path = AppDelegate.swift; sourceTree = "<group>"; };
		48D37F852137877400D44D79 /* ViewController.swift */ = {isa = PBXFileReference; lastKnownFileType = sourcecode.swift; path = ViewController.swift; sourceTree = "<group>"; };
		48D37F882137877400D44D79 /* Base */ = {isa = PBXFileReference; lastKnownFileType = file.storyboard; name = Base; path = Base.lproj/Main.storyboard; sourceTree = "<group>"; };
		48D37F8A2137877500D44D79 /* Assets.xcassets */ = {isa = PBXFileReference; lastKnownFileType = folder.assetcatalog; path = Assets.xcassets; sourceTree = "<group>"; };
		48D37F8D2137877500D44D79 /* Base */ = {isa = PBXFileReference; lastKnownFileType = file.storyboard; name = Base; path = Base.lproj/LaunchScreen.storyboard; sourceTree = "<group>"; };
		48D37F8F2137877500D44D79 /* Info.plist */ = {isa = PBXFileReference; lastKnownFileType = text.plist.xml; path = Info.plist; sourceTree = "<group>"; };
		48D37F942137877500D44D79 /* LifeCycleTests.xctest */ = {isa = PBXFileReference; explicitFileType = wrapper.cfbundle; includeInIndex = 0; path = LifeCycleTests.xctest; sourceTree = BUILT_PRODUCTS_DIR; };
		48D37F9A2137877500D44D79 /* Info.plist */ = {isa = PBXFileReference; lastKnownFileType = text.plist.xml; path = Info.plist; sourceTree = "<group>"; };
/* End PBXFileReference section */

/* Begin PBXFrameworksBuildPhase section */
		48D37F7D2137877400D44D79 /* Frameworks */ = {
			isa = PBXFrameworksBuildPhase;
			buildActionMask = 2147483647;
			files = (
			);
			runOnlyForDeploymentPostprocessing = 0;
		};
		48D37F912137877500D44D79 /* Frameworks */ = {
			isa = PBXFrameworksBuildPhase;
			buildActionMask = 2147483647;
			files = (
			);
			runOnlyForDeploymentPostprocessing = 0;
		};
/* End PBXFrameworksBuildPhase section */

/* Begin PBXGroup section */
		48D37F772137877400D44D79 = {
			isa = PBXGroup;
			children = (
				48D37F822137877400D44D79 /* LifeCycle */,
				48D37F972137877500D44D79 /* LifeCycleTests */,
				48D37F812137877400D44D79 /* Products */,
			);
			sourceTree = "<group>";
		};
		48D37F812137877400D44D79 /* Products */ = {
			isa = PBXGroup;
			children = (
				48D37F802137877400D44D79 /* LifeCycle.app */,
				48D37F942137877500D44D79 /* LifeCycleTests.xctest */,
			);
			name = Products;
			sourceTree = "<group>";
		};
		48D37F822137877400D44D79 /* LifeCycle */ = {
			isa = PBXGroup;
			children = (
				48D219E02137A7950053822F /* MyClass.swift */,
				48D37F852137877400D44D79 /* ViewController.swift */,
				48D37F872137877400D44D79 /* Main.storyboard */,
				48D37F832137877400D44D79 /* AppDelegate.swift */,
				48D37F8A2137877500D44D79 /* Assets.xcassets */,
				48D37F8C2137877500D44D79 /* LaunchScreen.storyboard */,
				48D37F8F2137877500D44D79 /* Info.plist */,
			);
			path = LifeCycle;
			sourceTree = "<group>";
		};
		48D37F972137877500D44D79 /* LifeCycleTests */ = {
			isa = PBXGroup;
			children = (
				4825901B2138FF81007CE473 /* MyClassTests.swift */,
				48D37F9A2137877500D44D79 /* Info.plist */,
			);
			path = LifeCycleTests;
			sourceTree = "<group>";
		};
/* End PBXGroup section */

/* Begin PBXNativeTarget section */
		48D37F7F2137877400D44D79 /* LifeCycle */ = {
			isa = PBXNativeTarget;
			buildConfigurationList = 48D37F9D2137877500D44D79 /* Build configuration list for PBXNativeTarget "LifeCycle" */;
			buildPhases = (
				48D37F7C2137877400D44D79 /* Sources */,
				48D37F7D2137877400D44D79 /* Frameworks */,
				48D37F7E2137877400D44D79 /* Resources */,
			);
			buildRules = (
			);
			dependencies = (
			);
			name = LifeCycle;
			productName = LifeCycle;
			productReference = 48D37F802137877400D44D79 /* LifeCycle.app */;
			productType = "com.apple.product-type.application";
		};
		48D37F932137877500D44D79 /* LifeCycleTests */ = {
			isa = PBXNativeTarget;
			buildConfigurationList = 48D37FA02137877500D44D79 /* Build configuration list for PBXNativeTarget "LifeCycleTests" */;
			buildPhases = (
				48D37F902137877500D44D79 /* Sources */,
				48D37F912137877500D44D79 /* Frameworks */,
				48D37F922137877500D44D79 /* Resources */,
			);
			buildRules = (
			);
			dependencies = (
				48D37F962137877500D44D79 /* PBXTargetDependency */,
			);
			name = LifeCycleTests;
			productName = LifeCycleTests;
			productReference = 48D37F942137877500D44D79 /* LifeCycleTests.xctest */;
			productType = "com.apple.product-type.bundle.unit-test";
		};
/* End PBXNativeTarget section */

/* Begin PBXProject section */
		48D37F782137877400D44D79 /* Project object */ = {
			isa = PBXProject;
			attributes = {
				LastSwiftUpdateCheck = 0940;
				LastUpgradeCheck = 0940;
				ORGANIZATIONNAME = "Quality Coding";
				TargetAttributes = {
					48D37F7F2137877400D44D79 = {
						CreatedOnToolsVersion = 9.4.1;
						LastSwiftMigration = 1020;
					};
					48D37F932137877500D44D79 = {
						CreatedOnToolsVersion = 9.4.1;
						LastSwiftMigration = 1020;
						TestTargetID = 48D37F7F2137877400D44D79;
					};
				};
			};
			buildConfigurationList = 48D37F7B2137877400D44D79 /* Build configuration list for PBXProject "LifeCycle" */;
			compatibilityVersion = "Xcode 9.3";
			developmentRegion = en;
			hasScannedForEncodings = 0;
			knownRegions = (
				en,
				Base,
			);
			mainGroup = 48D37F772137877400D44D79;
			productRefGroup = 48D37F812137877400D44D79 /* Products */;
			projectDirPath = "";
			projectRoot = "";
			targets = (
				48D37F7F2137877400D44D79 /* LifeCycle */,
				48D37F932137877500D44D79 /* LifeCycleTests */,
			);
		};
/* End PBXProject section */

/* Begin PBXResourcesBuildPhase section */
		48D37F7E2137877400D44D79 /* Resources */ = {
			isa = PBXResourcesBuildPhase;
			buildActionMask = 2147483647;
			files = (
				48D37F8E2137877500D44D79 /* LaunchScreen.storyboard in Resources */,
				48D37F8B2137877500D44D79 /* Assets.xcassets in Resources */,
				48D37F892137877400D44D79 /* Main.storyboard in Resources */,
			);
			runOnlyForDeploymentPostprocessing = 0;
		};
		48D37F922137877500D44D79 /* Resources */ = {
			isa = PBXResourcesBuildPhase;
			buildActionMask = 2147483647;
			files = (
			);
			runOnlyForDeploymentPostprocessing = 0;
		};
/* End PBXResourcesBuildPhase section */

/* Begin PBXSourcesBuildPhase section */
		48D37F7C2137877400D44D79 /* Sources */ = {
			isa = PBXSourcesBuildPhase;
			buildActionMask = 2147483647;
			files = (
				48D37F862137877400D44D79 /* ViewController.swift in Sources */,
				48D37F842137877400D44D79 /* AppDelegate.swift in Sources */,
				48D219E12137A7950053822F /* MyClass.swift in Sources */,
			);
			runOnlyForDeploymentPostprocessing = 0;
		};
		48D37F902137877500D44D79 /* Sources */ = {
			isa = PBXSourcesBuildPhase;
			buildActionMask = 2147483647;
			files = (
				4825901C2138FF81007CE473 /* MyClassTests.swift in Sources */,
			);
			runOnlyForDeploymentPostprocessing = 0;
		};
/* End PBXSourcesBuildPhase section */

/* Begin PBXTargetDependency section */
		48D37F962137877500D44D79 /* PBXTargetDependency */ = {
			isa = PBXTargetDependency;
			target = 48D37F7F2137877400D44D79 /* LifeCycle */;
			targetProxy = 48D37F952137877500D44D79 /* PBXContainerItemProxy */;
		};
/* End PBXTargetDependency section */

/* Begin PBXVariantGroup section */
		48D37F872137877400D44D79 /* Main.storyboard */ = {
			isa = PBXVariantGroup;
			children = (
				48D37F882137877400D44D79 /* Base */,
			);
			name = Main.storyboard;
			sourceTree = "<group>";
		};
		48D37F8C2137877500D44D79 /* LaunchScreen.storyboard */ = {
			isa = PBXVariantGroup;
			children = (
				48D37F8D2137877500D44D79 /* Base */,
			);
			name = LaunchScreen.storyboard;
			sourceTree = "<group>";
		};
/* End PBXVariantGroup section */

/* Begin XCBuildConfiguration section */
		48D37F9B2137877500D44D79 /* Debug */ = {
			isa = XCBuildConfiguration;
			buildSettings = {
				ALWAYS_SEARCH_USER_PATHS = NO;
				CLANG_ANALYZER_NONNULL = YES;
				CLANG_ANALYZER_NUMBER_OBJECT_CONVERSION = YES_AGGRESSIVE;
				CLANG_ENABLE_MODULES = YES;
				CLANG_ENABLE_OBJC_ARC = YES;
				CLANG_ENABLE_OBJC_WEAK = YES;
				CLANG_WARN_BLOCK_CAPTURE_AUTORELEASING = YES;
				CLANG_WARN_BOOL_CONVERSION = YES;
				CLANG_WARN_COMMA = YES;
				CLANG_WARN_CONSTANT_CONVERSION = YES;
				CLANG_WARN_DEPRECATED_OBJC_IMPLEMENTATIONS = YES;
				CLANG_WARN_DIRECT_OBJC_ISA_USAGE = YES_ERROR;
				CLANG_WARN_DOCUMENTATION_COMMENTS = YES;
				CLANG_WARN_EMPTY_BODY = YES;
				CLANG_WARN_ENUM_CONVERSION = YES;
				CLANG_WARN_INFINITE_RECURSION = YES;
				CLANG_WARN_INT_CONVERSION = YES;
				CLANG_WARN_NON_LITERAL_NULL_CONVERSION = YES;
				CLANG_WARN_OBJC_IMPLICIT_RETAIN_SELF = YES;
				CLANG_WARN_OBJC_LITERAL_CONVERSION = YES;
				CLANG_WARN_OBJC_ROOT_CLASS = YES_ERROR;
				CLANG_WARN_RANGE_LOOP_ANALYSIS = YES;
				CLANG_WARN_STRICT_PROTOTYPES = YES;
				CLANG_WARN_SUSPICIOUS_MOVE = YES;
				CLANG_WARN_UNGUARDED_AVAILABILITY = YES_AGGRESSIVE;
				CLANG_WARN_UNREACHABLE_CODE = YES;
				CLANG_WARN__DUPLICATE_METHOD_MATCH = YES;
				COPY_PHASE_STRIP = NO;
				DEBUG_INFORMATION_FORMAT = dwarf;
				ENABLE_STRICT_OBJC_MSGSEND = YES;
				ENABLE_TESTABILITY = YES;
				GCC_DYNAMIC_NO_PIC = NO;
				GCC_NO_COMMON_BLOCKS = YES;
				GCC_OPTIMIZATION_LEVEL = 0;
				GCC_PREPROCESSOR_DEFINITIONS = (
					"DEBUG=1",
					"$(inherited)",
				);
				GCC_WARN_64_TO_32_BIT_CONVERSION = YES;
				GCC_WARN_ABOUT_RETURN_TYPE = YES_ERROR;
				GCC_WARN_UNDECLARED_SELECTOR = YES;
				GCC_WARN_UNINITIALIZED_AUTOS = YES_AGGRESSIVE;
				GCC_WARN_UNUSED_FUNCTION = YES;
				GCC_WARN_UNUSED_VARIABLE = YES;
				MTL_ENABLE_DEBUG_INFO = YES;
				ONLY_ACTIVE_ARCH = YES;
				SDKROOT = iphoneos;
				SWIFT_ACTIVE_COMPILATION_CONDITIONS = DEBUG;
				SWIFT_OPTIMIZATION_LEVEL = "-Onone";
				SWIFT_VERSION = 4.2;
			};
			name = Debug;
		};
		48D37F9C2137877500D44D79 /* Release */ = {
			isa = XCBuildConfiguration;
			buildSettings = {
				ALWAYS_SEARCH_USER_PATHS = NO;
				CLANG_ANALYZER_NONNULL = YES;
				CLANG_ANALYZER_NUMBER_OBJECT_CONVERSION = YES_AGGRESSIVE;
				CLANG_ENABLE_MODULES = YES;
				CLANG_ENABLE_OBJC_ARC = YES;
				CLANG_ENABLE_OBJC_WEAK = YES;
				CLANG_WARN_BLOCK_CAPTURE_AUTORELEASING = YES;
				CLANG_WARN_BOOL_CONVERSION = YES;
				CLANG_WARN_COMMA = YES;
				CLANG_WARN_CONSTANT_CONVERSION = YES;
				CLANG_WARN_DEPRECATED_OBJC_IMPLEMENTATIONS = YES;
				CLANG_WARN_DIRECT_OBJC_ISA_USAGE = YES_ERROR;
				CLANG_WARN_DOCUMENTATION_COMMENTS = YES;
				CLANG_WARN_EMPTY_BODY = YES;
				CLANG_WARN_ENUM_CONVERSION = YES;
				CLANG_WARN_INFINITE_RECURSION = YES;
				CLANG_WARN_INT_CONVERSION = YES;
				CLANG_WARN_NON_LITERAL_NULL_CONVERSION = YES;
				CLANG_WARN_OBJC_IMPLICIT_RETAIN_SELF = YES;
				CLANG_WARN_OBJC_LITERAL_CONVERSION = YES;
				CLANG_WARN_OBJC_ROOT_CLASS = YES_ERROR;
				CLANG_WARN_RANGE_LOOP_ANALYSIS = YES;
				CLANG_WARN_STRICT_PROTOTYPES = YES;
				CLANG_WARN_SUSPICIOUS_MOVE = YES;
				CLANG_WARN_UNGUARDED_AVAILABILITY = YES_AGGRESSIVE;
				CLANG_WARN_UNREACHABLE_CODE = YES;
				CLANG_WARN__DUPLICATE_METHOD_MATCH = YES;
				COPY_PHASE_STRIP = NO;
				DEBUG_INFORMATION_FORMAT = "dwarf-with-dsym";
				ENABLE_NS_ASSERTIONS = NO;
				ENABLE_STRICT_OBJC_MSGSEND = YES;
				GCC_NO_COMMON_BLOCKS = YES;
				GCC_WARN_64_TO_32_BIT_CONVERSION = YES;
				GCC_WARN_ABOUT_RETURN_TYPE = YES_ERROR;
				GCC_WARN_UNDECLARED_SELECTOR = YES;
				GCC_WARN_UNINITIALIZED_AUTOS = YES_AGGRESSIVE;
				GCC_WARN_UNUSED_FUNCTION = YES;
				GCC_WARN_UNUSED_VARIABLE = YES;
				MTL_ENABLE_DEBUG_INFO = NO;
				SDKROOT = iphoneos;
				SWIFT_COMPILATION_MODE = wholemodule;
				SWIFT_OPTIMIZATION_LEVEL = "-O";
				SWIFT_VERSION = 4.2;
				VALIDATE_PRODUCT = YES;
			};
			name = Release;
		};
		48D37F9E2137877500D44D79 /* Debug */ = {
			isa = XCBuildConfiguration;
			buildSettings = {
				ASSETCATALOG_COMPILER_APPICON_NAME = AppIcon;
				INFOPLIST_FILE = LifeCycle/Info.plist;
				LD_RUNPATH_SEARCH_PATHS = (
					"$(inherited)",
					"@executable_path/Frameworks",
				);
				PRODUCT_BUNDLE_IDENTIFIER = org.qualitycoding.LifeCycle;
				PRODUCT_NAME = "$(TARGET_NAME)";
				SWIFT_VERSION = 5.0;
			};
			name = Debug;
		};
		48D37F9F2137877500D44D79 /* Release */ = {
			isa = XCBuildConfiguration;
			buildSettings = {
				ASSETCATALOG_COMPILER_APPICON_NAME = AppIcon;
				INFOPLIST_FILE = LifeCycle/Info.plist;
				LD_RUNPATH_SEARCH_PATHS = (
					"$(inherited)",
					"@executable_path/Frameworks",
				);
				PRODUCT_BUNDLE_IDENTIFIER = org.qualitycoding.LifeCycle;
				PRODUCT_NAME = "$(TARGET_NAME)";
				SWIFT_VERSION = 5.0;
			};
			name = Release;
		};
		48D37FA12137877500D44D79 /* Debug */ = {
			isa = XCBuildConfiguration;
			buildSettings = {
				ALWAYS_EMBED_SWIFT_STANDARD_LIBRARIES = YES;
				BUNDLE_LOADER = "$(TEST_HOST)";
				CLANG_ENABLE_MODULES = YES;
				INFOPLIST_FILE = LifeCycleTests/Info.plist;
				LD_RUNPATH_SEARCH_PATHS = (
					"$(inherited)",
					"@executable_path/Frameworks",
					"@loader_path/Frameworks",
				);
				PRODUCT_BUNDLE_IDENTIFIER = org.qualitycoding.LifeCycleTests;
				PRODUCT_NAME = "$(TARGET_NAME)";
				SWIFT_OPTIMIZATION_LEVEL = "-Onone";
				SWIFT_VERSION = 5.0;
				TEST_HOST = "$(BUILT_PRODUCTS_DIR)/LifeCycle.app/LifeCycle";
			};
			name = Debug;
		};
		48D37FA22137877500D44D79 /* Release */ = {
			isa = XCBuildConfiguration;
			buildSettings = {
				ALWAYS_EMBED_SWIFT_STANDARD_LIBRARIES = YES;
				BUNDLE_LOADER = "$(TEST_HOST)";
				CLANG_ENABLE_MODULES = YES;
				INFOPLIST_FILE = LifeCycleTests/Info.plist;
				LD_RUNPATH_SEARCH_PATHS = (
					"$(inherited)",
					"@executable_path/Frameworks",
					"@loader_path/Frameworks",
				);
				PRODUCT_BUNDLE_IDENTIFIER = org.qualitycoding.LifeCycleTests;
				PRODUCT_NAME = "$(TARGET_NAME)";
				SWIFT_VERSION = 5.0;
				TEST_HOST = "$(BUILT_PRODUCTS_DIR)/LifeCycle.app/LifeCycle";
			};
			name = Release;
		};
/* End XCBuildConfiguration section */

/* Begin XCConfigurationList section */
		48D37F7B2137877400D44D79 /* Build configuration list for PBXProject "LifeCycle" */ = {
			isa = XCConfigurationList;
			buildConfigurations = (
				48D37F9B2137877500D44D79 /* Debug */,
				48D37F9C2137877500D44D79 /* Release */,
			);
			defaultConfigurationIsVisible = 0;
			defaultConfigurationName = Release;
		};
		48D37F9D2137877500D44D79 /* Build configuration list for PBXNativeTarget "LifeCycle" */ = {
			isa = XCConfigurationList;
			buildConfigurations = (
				48D37F9E2137877500D44D79 /* Debug */,
				48D37F9F2137877500D44D79 /* Release */,
			);
			defaultConfigurationIsVisible = 0;
			defaultConfigurationName = Release;
		};
		48D37FA02137877500D44D79 /* Build configuration list for PBXNativeTarget "LifeCycleTests" */ = {
			isa = XCConfigurationList;
			buildConfigurations = (
				48D37FA12137877500D44D79 /* Debug */,
				48D37FA22137877500D44D79 /* Release */,
			);
			defaultConfigurationIsVisible = 0;
			defaultConfigurationName = Release;
		};
/* End XCConfigurationList section */
	};
	rootObject = 48D37F782137877400D44D79 /* Project object */;
}
